// !$*UTF8*$!
{
	archiveVersion = 1;
	classes = {
	};
	objectVersion = 46;
	objects = {

/* Begin PBXBuildFile section */
		61CB1BC819F5DF6900583625 /* Foundation.framework in Frameworks */ = {isa = PBXBuildFile; fileRef = 61CB1BC719F5DF6900583625 /* Foundation.framework */; };
		61CB1BCA19F5DF6900583625 /* CoreGraphics.framework in Frameworks */ = {isa = PBXBuildFile; fileRef = 61CB1BC919F5DF6900583625 /* CoreGraphics.framework */; };
		61CB1BCC19F5DF6900583625 /* UIKit.framework in Frameworks */ = {isa = PBXBuildFile; fileRef = 61CB1BCB19F5DF6900583625 /* UIKit.framework */; };
		61CB1BD219F5DF6900583625 /* InfoPlist.strings in Resources */ = {isa = PBXBuildFile; fileRef = 61CB1BD019F5DF6900583625 /* InfoPlist.strings */; };
		61CB1BD419F5DF6900583625 /* main.m in Sources */ = {isa = PBXBuildFile; fileRef = 61CB1BD319F5DF6900583625 /* main.m */; };
		61CB1BD819F5DF6900583625 /* AppDelegate.m in Sources */ = {isa = PBXBuildFile; fileRef = 61CB1BD719F5DF6900583625 /* AppDelegate.m */; };
		61CB1BDB19F5DF6900583625 /* Main.storyboard in Resources */ = {isa = PBXBuildFile; fileRef = 61CB1BD919F5DF6900583625 /* Main.storyboard */; };
		61CB1BDE19F5DF6900583625 /* ViewController.m in Sources */ = {isa = PBXBuildFile; fileRef = 61CB1BDD19F5DF6900583625 /* ViewController.m */; };
		61CB1BE019F5DF6900583625 /* Images.xcassets in Resources */ = {isa = PBXBuildFile; fileRef = 61CB1BDF19F5DF6900583625 /* Images.xcassets */; };
		61CB1BE719F5DF6900583625 /* XCTest.framework in Frameworks */ = {isa = PBXBuildFile; fileRef = 61CB1BE619F5DF6900583625 /* XCTest.framework */; };
		61CB1BE819F5DF6900583625 /* Foundation.framework in Frameworks */ = {isa = PBXBuildFile; fileRef = 61CB1BC719F5DF6900583625 /* Foundation.framework */; };
		61CB1BE919F5DF6900583625 /* UIKit.framework in Frameworks */ = {isa = PBXBuildFile; fileRef = 61CB1BCB19F5DF6900583625 /* UIKit.framework */; };
		61CB1BF119F5DF6900583625 /* InfoPlist.strings in Resources */ = {isa = PBXBuildFile; fileRef = 61CB1BEF19F5DF6900583625 /* InfoPlist.strings */; };
		61CB1BF319F5DF6900583625 /* king_of_the_houseTests.m in Sources */ = {isa = PBXBuildFile; fileRef = 61CB1BF219F5DF6900583625 /* king_of_the_houseTests.m */; };
/* End PBXBuildFile section */

/* Begin PBXContainerItemProxy section */
		61CB1BEA19F5DF6900583625 /* PBXContainerItemProxy */ = {
			isa = PBXContainerItemProxy;
			containerPortal = 61CB1BBC19F5DF6900583625 /* Project object */;
			proxyType = 1;
			remoteGlobalIDString = 61CB1BC319F5DF6900583625;
			remoteInfo = "king-of-the-house";
		};
/* End PBXContainerItemProxy section */

/* Begin PBXFileReference section */
		61CB1BC419F5DF6900583625 /* king-of-the-house.app */ = {isa = PBXFileReference; explicitFileType = wrapper.application; includeInIndex = 0; path = "king-of-the-house.app"; sourceTree = BUILT_PRODUCTS_DIR; };
		61CB1BC719F5DF6900583625 /* Foundation.framework */ = {isa = PBXFileReference; lastKnownFileType = wrapper.framework; name = Foundation.framework; path = System/Library/Frameworks/Foundation.framework; sourceTree = SDKROOT; };
		61CB1BC919F5DF6900583625 /* CoreGraphics.framework */ = {isa = PBXFileReference; lastKnownFileType = wrapper.framework; name = CoreGraphics.framework; path = System/Library/Frameworks/CoreGraphics.framework; sourceTree = SDKROOT; };
		61CB1BCB19F5DF6900583625 /* UIKit.framework */ = {isa = PBXFileReference; lastKnownFileType = wrapper.framework; name = UIKit.framework; path = System/Library/Frameworks/UIKit.framework; sourceTree = SDKROOT; };
		61CB1BCF19F5DF6900583625 /* king-of-the-house-Info.plist */ = {isa = PBXFileReference; lastKnownFileType = text.plist.xml; path = "king-of-the-house-Info.plist"; sourceTree = "<group>"; };
		61CB1BD119F5DF6900583625 /* en */ = {isa = PBXFileReference; lastKnownFileType = text.plist.strings; name = en; path = en.lproj/InfoPlist.strings; sourceTree = "<group>"; };
		61CB1BD319F5DF6900583625 /* main.m */ = {isa = PBXFileReference; lastKnownFileType = sourcecode.c.objc; path = main.m; sourceTree = "<group>"; };
		61CB1BD519F5DF6900583625 /* king-of-the-house-Prefix.pch */ = {isa = PBXFileReference; lastKnownFileType = sourcecode.c.h; path = "king-of-the-house-Prefix.pch"; sourceTree = "<group>"; };
		61CB1BD619F5DF6900583625 /* AppDelegate.h */ = {isa = PBXFileReference; lastKnownFileType = sourcecode.c.h; path = AppDelegate.h; sourceTree = "<group>"; };
		61CB1BD719F5DF6900583625 /* AppDelegate.m */ = {isa = PBXFileReference; lastKnownFileType = sourcecode.c.objc; path = AppDelegate.m; sourceTree = "<group>"; };
		61CB1BDA19F5DF6900583625 /* Base */ = {isa = PBXFileReference; lastKnownFileType = file.storyboard; name = Base; path = Base.lproj/Main.storyboard; sourceTree = "<group>"; };
		61CB1BDC19F5DF6900583625 /* ViewController.h */ = {isa = PBXFileReference; lastKnownFileType = sourcecode.c.h; path = ViewController.h; sourceTree = "<group>"; };
		61CB1BDD19F5DF6900583625 /* ViewController.m */ = {isa = PBXFileReference; lastKnownFileType = sourcecode.c.objc; path = ViewController.m; sourceTree = "<group>"; };
		61CB1BDF19F5DF6900583625 /* Images.xcassets */ = {isa = PBXFileReference; lastKnownFileType = folder.assetcatalog; path = Images.xcassets; sourceTree = "<group>"; };
		61CB1BE519F5DF6900583625 /* king-of-the-houseTests.xctest */ = {isa = PBXFileReference; explicitFileType = wrapper.cfbundle; includeInIndex = 0; path = "king-of-the-houseTests.xctest"; sourceTree = BUILT_PRODUCTS_DIR; };
		61CB1BE619F5DF6900583625 /* XCTest.framework */ = {isa = PBXFileReference; lastKnownFileType = wrapper.framework; name = XCTest.framework; path = Library/Frameworks/XCTest.framework; sourceTree = DEVELOPER_DIR; };
		61CB1BEE19F5DF6900583625 /* king-of-the-houseTests-Info.plist */ = {isa = PBXFileReference; lastKnownFileType = text.plist.xml; path = "king-of-the-houseTests-Info.plist"; sourceTree = "<group>"; };
		61CB1BF019F5DF6900583625 /* en */ = {isa = PBXFileReference; lastKnownFileType = text.plist.strings; name = en; path = en.lproj/InfoPlist.strings; sourceTree = "<group>"; };
		61CB1BF219F5DF6900583625 /* king_of_the_houseTests.m */ = {isa = PBXFileReference; lastKnownFileType = sourcecode.c.objc; path = king_of_the_houseTests.m; sourceTree = "<group>"; };
/* End PBXFileReference section */

/* Begin PBXFrameworksBuildPhase section */
		61CB1BC119F5DF6900583625 /* Frameworks */ = {
			isa = PBXFrameworksBuildPhase;
			buildActionMask = 2147483647;
			files = (
				61CB1BCA19F5DF6900583625 /* CoreGraphics.framework in Frameworks */,
				61CB1BCC19F5DF6900583625 /* UIKit.framework in Frameworks */,
				61CB1BC819F5DF6900583625 /* Foundation.framework in Frameworks */,
			);
			runOnlyForDeploymentPostprocessing = 0;
		};
		61CB1BE219F5DF6900583625 /* Frameworks */ = {
			isa = PBXFrameworksBuildPhase;
			buildActionMask = 2147483647;
			files = (
				61CB1BE719F5DF6900583625 /* XCTest.framework in Frameworks */,
				61CB1BE919F5DF6900583625 /* UIKit.framework in Frameworks */,
				61CB1BE819F5DF6900583625 /* Foundation.framework in Frameworks */,
			);
			runOnlyForDeploymentPostprocessing = 0;
		};
/* End PBXFrameworksBuildPhase section */

/* Begin PBXGroup section */
		61CB1BBB19F5DF6900583625 = {
			isa = PBXGroup;
			children = (
				61CB1BCD19F5DF6900583625 /* king-of-the-house */,
				61CB1BEC19F5DF6900583625 /* king-of-the-houseTests */,
				61CB1BC619F5DF6900583625 /* Frameworks */,
				61CB1BC519F5DF6900583625 /* Products */,
			);
			sourceTree = "<group>";
		};
		61CB1BC519F5DF6900583625 /* Products */ = {
			isa = PBXGroup;
			children = (
				61CB1BC419F5DF6900583625 /* king-of-the-house.app */,
				61CB1BE519F5DF6900583625 /* king-of-the-houseTests.xctest */,
			);
			name = Products;
			sourceTree = "<group>";
		};
		61CB1BC619F5DF6900583625 /* Frameworks */ = {
			isa = PBXGroup;
			children = (
				61CB1BC719F5DF6900583625 /* Foundation.framework */,
				61CB1BC919F5DF6900583625 /* CoreGraphics.framework */,
				61CB1BCB19F5DF6900583625 /* UIKit.framework */,
				61CB1BE619F5DF6900583625 /* XCTest.framework */,
			);
			name = Frameworks;
			sourceTree = "<group>";
		};
		61CB1BCD19F5DF6900583625 /* king-of-the-house */ = {
			isa = PBXGroup;
			children = (
				61CB1BD619F5DF6900583625 /* AppDelegate.h */,
				61CB1BD719F5DF6900583625 /* AppDelegate.m */,
				61CB1BD919F5DF6900583625 /* Main.storyboard */,
				61CB1BDC19F5DF6900583625 /* ViewController.h */,
				61CB1BDD19F5DF6900583625 /* ViewController.m */,
				61CB1BDF19F5DF6900583625 /* Images.xcassets */,
				61CB1BCE19F5DF6900583625 /* Supporting Files */,
			);
			path = "king-of-the-house";
			sourceTree = "<group>";
		};
		61CB1BCE19F5DF6900583625 /* Supporting Files */ = {
			isa = PBXGroup;
			children = (
				61CB1BCF19F5DF6900583625 /* king-of-the-house-Info.plist */,
				61CB1BD019F5DF6900583625 /* InfoPlist.strings */,
				61CB1BD319F5DF6900583625 /* main.m */,
				61CB1BD519F5DF6900583625 /* king-of-the-house-Prefix.pch */,
			);
			name = "Supporting Files";
			sourceTree = "<group>";
		};
		61CB1BEC19F5DF6900583625 /* king-of-the-houseTests */ = {
			isa = PBXGroup;
			children = (
				61CB1BF219F5DF6900583625 /* king_of_the_houseTests.m */,
				61CB1BED19F5DF6900583625 /* Supporting Files */,
			);
			path = "king-of-the-houseTests";
			sourceTree = "<group>";
		};
		61CB1BED19F5DF6900583625 /* Supporting Files */ = {
			isa = PBXGroup;
			children = (
				61CB1BEE19F5DF6900583625 /* king-of-the-houseTests-Info.plist */,
				61CB1BEF19F5DF6900583625 /* InfoPlist.strings */,
			);
			name = "Supporting Files";
			sourceTree = "<group>";
		};
/* End PBXGroup section */

/* Begin PBXNativeTarget section */
		61CB1BC319F5DF6900583625 /* king-of-the-house */ = {
			isa = PBXNativeTarget;
			buildConfigurationList = 61CB1BF619F5DF6900583625 /* Build configuration list for PBXNativeTarget "king-of-the-house" */;
			buildPhases = (
				61CB1BC019F5DF6900583625 /* Sources */,
				61CB1BC119F5DF6900583625 /* Frameworks */,
				61CB1BC219F5DF6900583625 /* Resources */,
			);
			buildRules = (
			);
			dependencies = (
			);
			name = "king-of-the-house";
			productName = "king-of-the-house";
			productReference = 61CB1BC419F5DF6900583625 /* king-of-the-house.app */;
			productType = "com.apple.product-type.application";
		};
		61CB1BE419F5DF6900583625 /* king-of-the-houseTests */ = {
			isa = PBXNativeTarget;
			buildConfigurationList = 61CB1BF919F5DF6900583625 /* Build configuration list for PBXNativeTarget "king-of-the-houseTests" */;
			buildPhases = (
				61CB1BE119F5DF6900583625 /* Sources */,
				61CB1BE219F5DF6900583625 /* Frameworks */,
				61CB1BE319F5DF6900583625 /* Resources */,
			);
			buildRules = (
			);
			dependencies = (
				61CB1BEB19F5DF6900583625 /* PBXTargetDependency */,
			);
			name = "king-of-the-houseTests";
			productName = "king-of-the-houseTests";
			productReference = 61CB1BE519F5DF6900583625 /* king-of-the-houseTests.xctest */;
			productType = "com.apple.product-type.bundle.unit-test";
		};
/* End PBXNativeTarget section */

/* Begin PBXProject section */
		61CB1BBC19F5DF6900583625 /* Project object */ = {
			isa = PBXProject;
			attributes = {
				LastUpgradeCheck = 0510;
				ORGANIZATIONNAME = "Dennis Grijalva";
				TargetAttributes = {
					61CB1BE419F5DF6900583625 = {
						TestTargetID = 61CB1BC319F5DF6900583625;
					};
				};
			};
			buildConfigurationList = 61CB1BBF19F5DF6900583625 /* Build configuration list for PBXProject "king-of-the-house" */;
			compatibilityVersion = "Xcode 3.2";
			developmentRegion = English;
			hasScannedForEncodings = 0;
			knownRegions = (
				en,
				Base,
			);
			mainGroup = 61CB1BBB19F5DF6900583625;
			productRefGroup = 61CB1BC519F5DF6900583625 /* Products */;
			projectDirPath = "";
			projectRoot = "";
			targets = (
				61CB1BC319F5DF6900583625 /* king-of-the-house */,
				61CB1BE419F5DF6900583625 /* king-of-the-houseTests */,
			);
		};
/* End PBXProject section */

/* Begin PBXResourcesBuildPhase section */
		61CB1BC219F5DF6900583625 /* Resources */ = {
			isa = PBXResourcesBuildPhase;
			buildActionMask = 2147483647;
			files = (
				61CB1BE019F5DF6900583625 /* Images.xcassets in Resources */,
				61CB1BD219F5DF6900583625 /* InfoPlist.strings in Resources */,
				61CB1BDB19F5DF6900583625 /* Main.storyboard in Resources */,
			);
			runOnlyForDeploymentPostprocessing = 0;
		};
		61CB1BE319F5DF6900583625 /* Resources */ = {
			isa = PBXResourcesBuildPhase;
			buildActionMask = 2147483647;
			files = (
				61CB1BF119F5DF6900583625 /* InfoPlist.strings in Resources */,
			);
			runOnlyForDeploymentPostprocessing = 0;
		};
/* End PBXResourcesBuildPhase section */

/* Begin PBXSourcesBuildPhase section */
		61CB1BC019F5DF6900583625 /* Sources */ = {
			isa = PBXSourcesBuildPhase;
			buildActionMask = 2147483647;
			files = (
				61CB1BDE19F5DF6900583625 /* ViewController.m in Sources */,
				61CB1BD819F5DF6900583625 /* AppDelegate.m in Sources */,
				61CB1BD419F5DF6900583625 /* main.m in Sources */,
			);
			runOnlyForDeploymentPostprocessing = 0;
		};
		61CB1BE119F5DF6900583625 /* Sources */ = {
			isa = PBXSourcesBuildPhase;
			buildActionMask = 2147483647;
			files = (
				61CB1BF319F5DF6900583625 /* king_of_the_houseTests.m in Sources */,
			);
			runOnlyForDeploymentPostprocessing = 0;
		};
/* End PBXSourcesBuildPhase section */

/* Begin PBXTargetDependency section */
		61CB1BEB19F5DF6900583625 /* PBXTargetDependency */ = {
			isa = PBXTargetDependency;
			target = 61CB1BC319F5DF6900583625 /* king-of-the-house */;
			targetProxy = 61CB1BEA19F5DF6900583625 /* PBXContainerItemProxy */;
		};
/* End PBXTargetDependency section */

/* Begin PBXVariantGroup section */
		61CB1BD019F5DF6900583625 /* InfoPlist.strings */ = {
			isa = PBXVariantGroup;
			children = (
				61CB1BD119F5DF6900583625 /* en */,
			);
			name = InfoPlist.strings;
			sourceTree = "<group>";
		};
		61CB1BD919F5DF6900583625 /* Main.storyboard */ = {
			isa = PBXVariantGroup;
			children = (
				61CB1BDA19F5DF6900583625 /* Base */,
			);
			name = Main.storyboard;
			sourceTree = "<group>";
		};
		61CB1BEF19F5DF6900583625 /* InfoPlist.strings */ = {
			isa = PBXVariantGroup;
			children = (
				61CB1BF019F5DF6900583625 /* en */,
			);
			name = InfoPlist.strings;
			sourceTree = "<group>";
		};
/* End PBXVariantGroup section */

/* Begin XCBuildConfiguration section */
		61CB1BF419F5DF6900583625 /* Debug */ = {
			isa = XCBuildConfiguration;
			buildSettings = {
				ALWAYS_SEARCH_USER_PATHS = NO;
				CLANG_CXX_LANGUAGE_STANDARD = "gnu++0x";
				CLANG_CXX_LIBRARY = "libc++";
				CLANG_ENABLE_MODULES = YES;
				CLANG_ENABLE_OBJC_ARC = YES;
				CLANG_WARN_BOOL_CONVERSION = YES;
				CLANG_WARN_CONSTANT_CONVERSION = YES;
				CLANG_WARN_DIRECT_OBJC_ISA_USAGE = YES_ERROR;
				CLANG_WARN_EMPTY_BODY = YES;
				CLANG_WARN_ENUM_CONVERSION = YES;
				CLANG_WARN_INT_CONVERSION = YES;
				CLANG_WARN_OBJC_ROOT_CLASS = YES_ERROR;
				CLANG_WARN__DUPLICATE_METHOD_MATCH = YES;
				"CODE_SIGN_IDENTITY[sdk=iphoneos*]" = "iPhone Developer";
				COPY_PHASE_STRIP = NO;
				GCC_C_LANGUAGE_STANDARD = gnu99;
				GCC_DYNAMIC_NO_PIC = NO;
				GCC_OPTIMIZATION_LEVEL = 0;
				GCC_PREPROCESSOR_DEFINITIONS = (
					"DEBUG=1",
					"$(inherited)",
				);
				GCC_SYMBOLS_PRIVATE_EXTERN = NO;
				GCC_WARN_64_TO_32_BIT_CONVERSION = YES;
				GCC_WARN_ABOUT_RETURN_TYPE = YES_ERROR;
				GCC_WARN_UNDECLARED_SELECTOR = YES;
				GCC_WARN_UNINITIALIZED_AUTOS = YES_AGGRESSIVE;
				GCC_WARN_UNUSED_FUNCTION = YES;
				GCC_WARN_UNUSED_VARIABLE = YES;
				IPHONEOS_DEPLOYMENT_TARGET = 7.1;
				ONLY_ACTIVE_ARCH = YES;
				SDKROOT = iphoneos;
			};
			name = Debug;
		};
		61CB1BF519F5DF6900583625 /* Release */ = {
			isa = XCBuildConfiguration;
			buildSettings = {
				ALWAYS_SEARCH_USER_PATHS = NO;
				CLANG_CXX_LANGUAGE_STANDARD = "gnu++0x";
				CLANG_CXX_LIBRARY = "libc++";
				CLANG_ENABLE_MODULES = YES;
				CLANG_ENABLE_OBJC_ARC = YES;
				CLANG_WARN_BOOL_CONVERSION = YES;
				CLANG_WARN_CONSTANT_CONVERSION = YES;
				CLANG_WARN_DIRECT_OBJC_ISA_USAGE = YES_ERROR;
				CLANG_WARN_EMPTY_BODY = YES;
				CLANG_WARN_ENUM_CONVERSION = YES;
				CLANG_WARN_INT_CONVERSION = YES;
				CLANG_WARN_OBJC_ROOT_CLASS = YES_ERROR;
				CLANG_WARN__DUPLICATE_METHOD_MATCH = YES;
				"CODE_SIGN_IDENTITY[sdk=iphoneos*]" = "iPhone Developer";
				COPY_PHASE_STRIP = YES;
				ENABLE_NS_ASSERTIONS = NO;
				GCC_C_LANGUAGE_STANDARD = gnu99;
				GCC_WARN_64_TO_32_BIT_CONVERSION = YES;
				GCC_WARN_ABOUT_RETURN_TYPE = YES_ERROR;
				GCC_WARN_UNDECLARED_SELECTOR = YES;
				GCC_WARN_UNINITIALIZED_AUTOS = YES_AGGRESSIVE;
				GCC_WARN_UNUSED_FUNCTION = YES;
				GCC_WARN_UNUSED_VARIABLE = YES;
				IPHONEOS_DEPLOYMENT_TARGET = 7.1;
				SDKROOT = iphoneos;
				VALIDATE_PRODUCT = YES;
			};
			name = Release;
		};
		61CB1BF719F5DF6900583625 /* Debug */ = {
			isa = XCBuildConfiguration;
			buildSettings = {
				ASSETCATALOG_COMPILER_APPICON_NAME = AppIcon;
				ASSETCATALOG_COMPILER_LAUNCHIMAGE_NAME = LaunchImage;
				GCC_PRECOMPILE_PREFIX_HEADER = YES;
				GCC_PREFIX_HEADER = "king-of-the-house/king-of-the-house-Prefix.pch";
				INFOPLIST_FILE = "king-of-the-house/king-of-the-house-Info.plist";
				PRODUCT_NAME = "$(TARGET_NAME)";
				WRAPPER_EXTENSION = app;
			};
			name = Debug;
		};
		61CB1BF819F5DF6900583625 /* Release */ = {
			isa = XCBuildConfiguration;
			buildSettings = {
				ASSETCATALOG_COMPILER_APPICON_NAME = AppIcon;
				ASSETCATALOG_COMPILER_LAUNCHIMAGE_NAME = LaunchImage;
				GCC_PRECOMPILE_PREFIX_HEADER = YES;
				GCC_PREFIX_HEADER = "king-of-the-house/king-of-the-house-Prefix.pch";
				INFOPLIST_FILE = "king-of-the-house/king-of-the-house-Info.plist";
				PRODUCT_NAME = "$(TARGET_NAME)";
				WRAPPER_EXTENSION = app;
			};
			name = Release;
		};
		61CB1BFA19F5DF6900583625 /* Debug */ = {
			isa = XCBuildConfiguration;
			buildSettings = {
				BUNDLE_LOADER = "$(BUILT_PRODUCTS_DIR)/king-of-the-house.app/king-of-the-house";
				FRAMEWORK_SEARCH_PATHS = (
					"$(SDKROOT)/Developer/Library/Frameworks",
					"$(inherited)",
					"$(DEVELOPER_FRAMEWORKS_DIR)",
				);
				GCC_PRECOMPILE_PREFIX_HEADER = YES;
				GCC_PREFIX_HEADER = "king-of-the-house/king-of-the-house-Prefix.pch";
				GCC_PREPROCESSOR_DEFINITIONS = (
					"DEBUG=1",
					"$(inherited)",
				);
				INFOPLIST_FILE = "king-of-the-houseTests/king-of-the-houseTests-Info.plist";
				PRODUCT_NAME = "$(TARGET_NAME)";
				TEST_HOST = "$(BUNDLE_LOADER)";
				WRAPPER_EXTENSION = xctest;
			};
			name = Debug;
		};
		61CB1BFB19F5DF6900583625 /* Release */ = {
			isa = XCBuildConfiguration;
			buildSettings = {
				BUNDLE_LOADER = "$(BUILT_PRODUCTS_DIR)/king-of-the-house.app/king-of-the-house";
				FRAMEWORK_SEARCH_PATHS = (
					"$(SDKROOT)/Developer/Library/Frameworks",
					"$(inherited)",
					"$(DEVELOPER_FRAMEWORKS_DIR)",
				);
				GCC_PRECOMPILE_PREFIX_HEADER = YES;
				GCC_PREFIX_HEADER = "king-of-the-house/king-of-the-house-Prefix.pch";
				INFOPLIST_FILE = "king-of-the-houseTests/king-of-the-houseTests-Info.plist";
				PRODUCT_NAME = "$(TARGET_NAME)";
				TEST_HOST = "$(BUNDLE_LOADER)";
				WRAPPER_EXTENSION = xctest;
			};
			name = Release;
		};
/* End XCBuildConfiguration section */

/* Begin XCConfigurationList section */
		61CB1BBF19F5DF6900583625 /* Build configuration list for PBXProject "king-of-the-house" */ = {
			isa = XCConfigurationList;
			buildConfigurations = (
				61CB1BF419F5DF6900583625 /* Debug */,
				61CB1BF519F5DF6900583625 /* Release */,
			);
			defaultConfigurationIsVisible = 0;
			defaultConfigurationName = Release;
		};
		61CB1BF619F5DF6900583625 /* Build configuration list for PBXNativeTarget "king-of-the-house" */ = {
			isa = XCConfigurationList;
			buildConfigurations = (
				61CB1BF719F5DF6900583625 /* Debug */,
				61CB1BF819F5DF6900583625 /* Release */,
			);
			defaultConfigurationIsVisible = 0;
		};
		61CB1BF919F5DF6900583625 /* Build configuration list for PBXNativeTarget "king-of-the-houseTests" */ = {
			isa = XCConfigurationList;
			buildConfigurations = (
				61CB1BFA19F5DF6900583625 /* Debug */,
				61CB1BFB19F5DF6900583625 /* Release */,
			);
			defaultConfigurationIsVisible = 0;
		};
/* End XCConfigurationList section */
	};
	rootObject = 61CB1BBC19F5DF6900583625 /* Project object */;
}
